
Microsoft Visual Studio Solution File, Format Version 12.00
# Visual Studio 15
Project("{FAE04EC0-301F-11D3-BF4B-00C04F79EFBC}") = "Assembly-CSharp", "Assembly-CSharp.csproj", "{B469A4C5-5833-E21F-C572-26C8C4BB9F86}"
EndProject
Project("{FAE04EC0-301F-11D3-BF4B-00C04F79EFBC}") = "TTWebGL", "TTWebGL.csproj", "{6DB21F8A-7CA4-566F-55B2-395C4DBACAB8}"
EndProject
Project("{FAE04EC0-301F-11D3-BF4B-00C04F79EFBC}") = "TTLitJson", "TTLitJson.csproj", "{4BDA4B19-2ECF-C63E-92C9-42996B7399E5}"
EndProject
Project("{FAE04EC0-301F-11D3-BF4B-00C04F79EFBC}") = "Assembly-CSharp-Editor", "Assembly-CSharp-Editor.csproj", "{FA02B506-61B0-31E6-F8FD-FA7640A9347E}"
EndProject
Project("{FAE04EC0-301F-11D3-BF4B-00C04F79EFBC}") = "com.bytedance.ttsdk-editor", "com.bytedance.ttsdk-editor.csproj", "{9C772D12-CC4B-D05B-F716-1151835B218F}"
EndProject
Global
	GlobalSection(SolutionConfigurationPlatforms) = preSolution
		Debug|Any CPU = Debug|Any CPU
		Release|Any CPU = Release|Any CPU
	EndGlobalSection
	GlobalSection(ProjectConfigurationPlatforms) = postSolution
		{B469A4C5-5833-E21F-C572-26C8C4BB9F86}.Debug|Any CPU.ActiveCfg = Debug|Any CPU
		{B469A4C5-5833-E21F-C572-26C8C4BB9F86}.Debug|Any CPU.Build.0 = Debug|Any CPU
		{B469A4C5-5833-E21F-C572-26C8C4BB9F86}.Release|Any CPU.ActiveCfg = Release|Any CPU
		{B469A4C5-5833-E21F-C572-26C8C4BB9F86}.Release|Any CPU.Build.0 = Release|Any CPU
		{6DB21F8A-7CA4-566F-55B2-395C4DBACAB8}.Debug|Any CPU.ActiveCfg = Debug|Any CPU
		{6DB21F8A-7CA4-566F-55B2-395C4DBACAB8}.Debug|Any CPU.Build.0 = Debug|Any CPU
		{6DB21F8A-7CA4-566F-55B2-395C4DBACAB8}.Release|Any CPU.ActiveCfg = Release|Any CPU
		{6DB21F8A-7CA4-566F-55B2-395C4DBACAB8}.Release|Any CPU.Build.0 = Release|Any CPU
		{4BDA4B19-2ECF-C63E-92C9-42996B7399E5}.Debug|Any CPU.ActiveCfg = Debug|Any CPU
		{4BDA4B19-2ECF-C63E-92C9-42996B7399E5}.Debug|Any CPU.Build.0 = Debug|Any CPU
		{4BDA4B19-2ECF-C63E-92C9-42996B7399E5}.Release|Any CPU.ActiveCfg = Release|Any CPU
		{4BDA4B19-2ECF-C63E-92C9-42996B7399E5}.Release|Any CPU.Build.0 = Release|Any CPU
		{FA02B506-61B0-31E6-F8FD-FA7640A9347E}.Debug|Any CPU.ActiveCfg = Debug|Any CPU
		{FA02B506-61B0-31E6-F8FD-FA7640A9347E}.Debug|Any CPU.Build.0 = Debug|Any CPU
		{FA02B506-61B0-31E6-F8FD-FA7640A9347E}.Release|Any CPU.ActiveCfg = Release|Any CPU
		{FA02B506-61B0-31E6-F8FD-FA7640A9347E}.Release|Any CPU.Build.0 = Release|Any CPU
		{9C772D12-CC4B-D05B-F716-1151835B218F}.Debug|Any CPU.ActiveCfg = Debug|Any CPU
		{9C772D12-CC4B-D05B-F716-1151835B218F}.Debug|Any CPU.Build.0 = Debug|Any CPU
		{9C772D12-CC4B-D05B-F716-1151835B218F}.Release|Any CPU.ActiveCfg = Release|Any CPU
		{9C772D12-CC4B-D05B-F716-1151835B218F}.Release|Any CPU.Build.0 = Release|Any CPU
	EndGlobalSection
	GlobalSection(SolutionProperties) = preSolution
		HideSolutionNode = FALSE
	EndGlobalSection
EndGlobal
